// !$*UTF8*$!
{
	archiveVersion = 1;
	classes = {
	};
	objectVersion = 51;
	objects = {

/* Begin PBXBuildFile section */
		2D413B8E5882F84CE641A50B /* Pods_PetJournal.framework in Frameworks */ = {isa = PBXBuildFile; fileRef = B02DBF2A7F012100CFEAB910 /* Pods_PetJournal.framework */; };
		5738C80F51973AB9F91834B8 /* Pods_PetJournalTests.framework in Frameworks */ = {isa = PBXBuildFile; fileRef = E568321B812DFAB0EED26267 /* Pods_PetJournalTests.framework */; };
		707E356E31D707CC1863C310 /* Pods_PetJournal_PetJournalUITests.framework in Frameworks */ = {isa = PBXBuildFile; fileRef = FF80CF9DA6CBD31E568AA7D4 /* Pods_PetJournal_PetJournalUITests.framework */; };
		931AD7FB237DD59F009CC068 /* Pet.swift in Sources */ = {isa = PBXBuildFile; fileRef = 931AD7FA237DD59F009CC068 /* Pet.swift */; };
		931AD7FD237DD5B2009CC068 /* Pets.swift in Sources */ = {isa = PBXBuildFile; fileRef = 931AD7FC237DD5B2009CC068 /* Pets.swift */; };
		931AD7FF237DE391009CC068 /* PetList.swift in Sources */ = {isa = PBXBuildFile; fileRef = 931AD7FE237DE391009CC068 /* PetList.swift */; };
		934A6260238459AF002791BF /* VeterinaryOverviewViewController.swift in Sources */ = {isa = PBXBuildFile; fileRef = 934A625F238459AF002791BF /* VeterinaryOverviewViewController.swift */; };
		934A626223845A63002791BF /* VeterinaryTableViewCell.swift in Sources */ = {isa = PBXBuildFile; fileRef = 934A626123845A63002791BF /* VeterinaryTableViewCell.swift */; };
		934A626423845BF1002791BF /* VeterinaryVisits.swift in Sources */ = {isa = PBXBuildFile; fileRef = 934A626323845BF1002791BF /* VeterinaryVisits.swift */; };
		934A626623845C08002791BF /* VeterinaryVisitsList.swift in Sources */ = {isa = PBXBuildFile; fileRef = 934A626523845C08002791BF /* VeterinaryVisitsList.swift */; };
		934A6268238468ED002791BF /* CreateVeterinaryVisitViewController.swift in Sources */ = {isa = PBXBuildFile; fileRef = 934A6267238468ED002791BF /* CreateVeterinaryVisitViewController.swift */; };
		935451532387E66000B6DD16 /* JournalViewController.swift in Sources */ = {isa = PBXBuildFile; fileRef = 935451522387E66000B6DD16 /* JournalViewController.swift */; };
		935451552387E99300B6DD16 /* JournalTableViewCell.swift in Sources */ = {isa = PBXBuildFile; fileRef = 935451542387E99300B6DD16 /* JournalTableViewCell.swift */; };
		93579D2D2389FFDC008E6799 /* EntryDetailTableViewCell.swift in Sources */ = {isa = PBXBuildFile; fileRef = 93579D2C2389FFDC008E6799 /* EntryDetailTableViewCell.swift */; };
		93579D2F238A1365008E6799 /* EntryDetailViewController.swift in Sources */ = {isa = PBXBuildFile; fileRef = 93579D2E238A1365008E6799 /* EntryDetailViewController.swift */; };
		9359245D237DB48A0070FA42 /* PetTableViewCell.swift in Sources */ = {isa = PBXBuildFile; fileRef = 9359245C237DB48A0070FA42 /* PetTableViewCell.swift */; };
		93592460237DBDD10070FA42 /* RoundedButton.swift in Sources */ = {isa = PBXBuildFile; fileRef = 9359245F237DBDD10070FA42 /* RoundedButton.swift */; };
		936394F9237CD00800C59912 /* AppDelegate.swift in Sources */ = {isa = PBXBuildFile; fileRef = 936394F8237CD00800C59912 /* AppDelegate.swift */; };
		936394FC237CD00800C59912 /* PetJournal.xcdatamodeld in Sources */ = {isa = PBXBuildFile; fileRef = 936394FA237CD00800C59912 /* PetJournal.xcdatamodeld */; };
		936394FE237CD00800C59912 /* SceneDelegate.swift in Sources */ = {isa = PBXBuildFile; fileRef = 936394FD237CD00800C59912 /* SceneDelegate.swift */; };
		93639500237CD00800C59912 /* MasterViewController.swift in Sources */ = {isa = PBXBuildFile; fileRef = 936394FF237CD00800C59912 /* MasterViewController.swift */; };
		93639502237CD00800C59912 /* DetailViewController.swift in Sources */ = {isa = PBXBuildFile; fileRef = 93639501237CD00800C59912 /* DetailViewController.swift */; };
		93639505237CD00800C59912 /* Main.storyboard in Resources */ = {isa = PBXBuildFile; fileRef = 93639503237CD00800C59912 /* Main.storyboard */; };
		93639507237CD00900C59912 /* Assets.xcassets in Resources */ = {isa = PBXBuildFile; fileRef = 93639506237CD00900C59912 /* Assets.xcassets */; };
		9363950A237CD00900C59912 /* LaunchScreen.storyboard in Resources */ = {isa = PBXBuildFile; fileRef = 93639508237CD00900C59912 /* LaunchScreen.storyboard */; };
		93639515237CD00900C59912 /* PetJournalTests.swift in Sources */ = {isa = PBXBuildFile; fileRef = 93639514237CD00900C59912 /* PetJournalTests.swift */; };
		93639520237CD00900C59912 /* PetJournalUITests.swift in Sources */ = {isa = PBXBuildFile; fileRef = 9363951F237CD00900C59912 /* PetJournalUITests.swift */; };
		9363952E237CD59E00C59912 /* PetViewController.swift in Sources */ = {isa = PBXBuildFile; fileRef = 9363952D237CD59E00C59912 /* PetViewController.swift */; };
		93639531237CED9300C59912 /* CreatePetViewController.swift in Sources */ = {isa = PBXBuildFile; fileRef = 93639530237CED9300C59912 /* CreatePetViewController.swift */; };
		93639535237CF33F00C59912 /* TabOverView.swift in Sources */ = {isa = PBXBuildFile; fileRef = 93639534237CF33F00C59912 /* TabOverView.swift */; };
		93E14543237E3816005FA3D6 /* PetPopUpViewController.swift in Sources */ = {isa = PBXBuildFile; fileRef = 93E14542237E3816005FA3D6 /* PetPopUpViewController.swift */; };
/* End PBXBuildFile section */

/* Begin PBXContainerItemProxy section */
		93639511237CD00900C59912 /* PBXContainerItemProxy */ = {
			isa = PBXContainerItemProxy;
			containerPortal = 936394ED237CD00800C59912 /* Project object */;
			proxyType = 1;
			remoteGlobalIDString = 936394F4237CD00800C59912;
			remoteInfo = PetJournal;
		};
		9363951C237CD00900C59912 /* PBXContainerItemProxy */ = {
			isa = PBXContainerItemProxy;
			containerPortal = 936394ED237CD00800C59912 /* Project object */;
			proxyType = 1;
			remoteGlobalIDString = 936394F4237CD00800C59912;
			remoteInfo = PetJournal;
		};
/* End PBXContainerItemProxy section */

/* Begin PBXFileReference section */
		7B303EF41A0B610B080ED7AC /* Pods-PetJournal.debug.xcconfig */ = {isa = PBXFileReference; includeInIndex = 1; lastKnownFileType = text.xcconfig; name = "Pods-PetJournal.debug.xcconfig"; path = "Target Support Files/Pods-PetJournal/Pods-PetJournal.debug.xcconfig"; sourceTree = "<group>"; };
		931AD7FA237DD59F009CC068 /* Pet.swift */ = {isa = PBXFileReference; lastKnownFileType = sourcecode.swift; path = Pet.swift; sourceTree = "<group>"; };
		931AD7FC237DD5B2009CC068 /* Pets.swift */ = {isa = PBXFileReference; lastKnownFileType = sourcecode.swift; path = Pets.swift; sourceTree = "<group>"; };
		931AD7FE237DE391009CC068 /* PetList.swift */ = {isa = PBXFileReference; lastKnownFileType = sourcecode.swift; path = PetList.swift; sourceTree = "<group>"; };
		934A625F238459AF002791BF /* VeterinaryOverviewViewController.swift */ = {isa = PBXFileReference; lastKnownFileType = sourcecode.swift; path = VeterinaryOverviewViewController.swift; sourceTree = "<group>"; };
		934A626123845A63002791BF /* VeterinaryTableViewCell.swift */ = {isa = PBXFileReference; lastKnownFileType = sourcecode.swift; path = VeterinaryTableViewCell.swift; sourceTree = "<group>"; };
		934A626323845BF1002791BF /* VeterinaryVisits.swift */ = {isa = PBXFileReference; lastKnownFileType = sourcecode.swift; path = VeterinaryVisits.swift; sourceTree = "<group>"; };
		934A626523845C08002791BF /* VeterinaryVisitsList.swift */ = {isa = PBXFileReference; lastKnownFileType = sourcecode.swift; path = VeterinaryVisitsList.swift; sourceTree = "<group>"; };
		934A6267238468ED002791BF /* CreateVeterinaryVisitViewController.swift */ = {isa = PBXFileReference; lastKnownFileType = sourcecode.swift; path = CreateVeterinaryVisitViewController.swift; sourceTree = "<group>"; };
		935451522387E66000B6DD16 /* JournalViewController.swift */ = {isa = PBXFileReference; lastKnownFileType = sourcecode.swift; path = JournalViewController.swift; sourceTree = "<group>"; };
		935451542387E99300B6DD16 /* JournalTableViewCell.swift */ = {isa = PBXFileReference; lastKnownFileType = sourcecode.swift; path = JournalTableViewCell.swift; sourceTree = "<group>"; };
		93579D2C2389FFDC008E6799 /* EntryDetailTableViewCell.swift */ = {isa = PBXFileReference; lastKnownFileType = sourcecode.swift; path = EntryDetailTableViewCell.swift; sourceTree = "<group>"; };
		93579D2E238A1365008E6799 /* EntryDetailViewController.swift */ = {isa = PBXFileReference; lastKnownFileType = sourcecode.swift; path = EntryDetailViewController.swift; sourceTree = "<group>"; };
		9359245C237DB48A0070FA42 /* PetTableViewCell.swift */ = {isa = PBXFileReference; lastKnownFileType = sourcecode.swift; path = PetTableViewCell.swift; sourceTree = "<group>"; };
		9359245F237DBDD10070FA42 /* RoundedButton.swift */ = {isa = PBXFileReference; lastKnownFileType = sourcecode.swift; path = RoundedButton.swift; sourceTree = "<group>"; };
		936394F5237CD00800C59912 /* PetJournal.app */ = {isa = PBXFileReference; explicitFileType = wrapper.application; includeInIndex = 0; path = PetJournal.app; sourceTree = BUILT_PRODUCTS_DIR; };
		936394F8237CD00800C59912 /* AppDelegate.swift */ = {isa = PBXFileReference; lastKnownFileType = sourcecode.swift; path = AppDelegate.swift; sourceTree = "<group>"; };
		936394FB237CD00800C59912 /* PetJournal.xcdatamodel */ = {isa = PBXFileReference; lastKnownFileType = wrapper.xcdatamodel; path = PetJournal.xcdatamodel; sourceTree = "<group>"; };
		936394FD237CD00800C59912 /* SceneDelegate.swift */ = {isa = PBXFileReference; lastKnownFileType = sourcecode.swift; path = SceneDelegate.swift; sourceTree = "<group>"; };
		936394FF237CD00800C59912 /* MasterViewController.swift */ = {isa = PBXFileReference; lastKnownFileType = sourcecode.swift; path = MasterViewController.swift; sourceTree = "<group>"; };
		93639501237CD00800C59912 /* DetailViewController.swift */ = {isa = PBXFileReference; lastKnownFileType = sourcecode.swift; path = DetailViewController.swift; sourceTree = "<group>"; };
		93639504237CD00800C59912 /* Base */ = {isa = PBXFileReference; lastKnownFileType = file.storyboard; name = Base; path = Base.lproj/Main.storyboard; sourceTree = "<group>"; };
		93639506237CD00900C59912 /* Assets.xcassets */ = {isa = PBXFileReference; lastKnownFileType = folder.assetcatalog; path = Assets.xcassets; sourceTree = "<group>"; };
		93639509237CD00900C59912 /* Base */ = {isa = PBXFileReference; lastKnownFileType = file.storyboard; name = Base; path = Base.lproj/LaunchScreen.storyboard; sourceTree = "<group>"; };
		9363950B237CD00900C59912 /* Info.plist */ = {isa = PBXFileReference; lastKnownFileType = text.plist.xml; path = Info.plist; sourceTree = "<group>"; };
		93639510237CD00900C59912 /* PetJournalTests.xctest */ = {isa = PBXFileReference; explicitFileType = wrapper.cfbundle; includeInIndex = 0; path = PetJournalTests.xctest; sourceTree = BUILT_PRODUCTS_DIR; };
		93639514237CD00900C59912 /* PetJournalTests.swift */ = {isa = PBXFileReference; lastKnownFileType = sourcecode.swift; path = PetJournalTests.swift; sourceTree = "<group>"; };
		93639516237CD00900C59912 /* Info.plist */ = {isa = PBXFileReference; lastKnownFileType = text.plist.xml; path = Info.plist; sourceTree = "<group>"; };
		9363951B237CD00900C59912 /* PetJournalUITests.xctest */ = {isa = PBXFileReference; explicitFileType = wrapper.cfbundle; includeInIndex = 0; path = PetJournalUITests.xctest; sourceTree = BUILT_PRODUCTS_DIR; };
		9363951F237CD00900C59912 /* PetJournalUITests.swift */ = {isa = PBXFileReference; lastKnownFileType = sourcecode.swift; path = PetJournalUITests.swift; sourceTree = "<group>"; };
		93639521237CD00900C59912 /* Info.plist */ = {isa = PBXFileReference; lastKnownFileType = text.plist.xml; path = Info.plist; sourceTree = "<group>"; };
		9363952D237CD59E00C59912 /* PetViewController.swift */ = {isa = PBXFileReference; lastKnownFileType = sourcecode.swift; path = PetViewController.swift; sourceTree = "<group>"; };
		9363952F237CDE9000C59912 /* README.md */ = {isa = PBXFileReference; lastKnownFileType = net.daringfireball.markdown; path = README.md; sourceTree = "<group>"; };
		93639530237CED9300C59912 /* CreatePetViewController.swift */ = {isa = PBXFileReference; lastKnownFileType = sourcecode.swift; path = CreatePetViewController.swift; sourceTree = "<group>"; };
		93639534237CF33F00C59912 /* TabOverView.swift */ = {isa = PBXFileReference; lastKnownFileType = sourcecode.swift; path = TabOverView.swift; sourceTree = "<group>"; };
		93E14542237E3816005FA3D6 /* PetPopUpViewController.swift */ = {isa = PBXFileReference; lastKnownFileType = sourcecode.swift; path = PetPopUpViewController.swift; sourceTree = "<group>"; };
		B02DBF2A7F012100CFEAB910 /* Pods_PetJournal.framework */ = {isa = PBXFileReference; explicitFileType = wrapper.framework; includeInIndex = 0; path = Pods_PetJournal.framework; sourceTree = BUILT_PRODUCTS_DIR; };
		B7A80571AF420421ABC4DD15 /* Pods-PetJournal.release.xcconfig */ = {isa = PBXFileReference; includeInIndex = 1; lastKnownFileType = text.xcconfig; name = "Pods-PetJournal.release.xcconfig"; path = "Target Support Files/Pods-PetJournal/Pods-PetJournal.release.xcconfig"; sourceTree = "<group>"; };
		BE58A92AD81C06E019B9959E /* Pods-PetJournal-PetJournalUITests.release.xcconfig */ = {isa = PBXFileReference; includeInIndex = 1; lastKnownFileType = text.xcconfig; name = "Pods-PetJournal-PetJournalUITests.release.xcconfig"; path = "Target Support Files/Pods-PetJournal-PetJournalUITests/Pods-PetJournal-PetJournalUITests.release.xcconfig"; sourceTree = "<group>"; };
		C28DA62E2163A7D05D21D2D9 /* Pods-PetJournalTests.debug.xcconfig */ = {isa = PBXFileReference; includeInIndex = 1; lastKnownFileType = text.xcconfig; name = "Pods-PetJournalTests.debug.xcconfig"; path = "Target Support Files/Pods-PetJournalTests/Pods-PetJournalTests.debug.xcconfig"; sourceTree = "<group>"; };
		D8A0347A98B59DFB2AB11530 /* Pods-PetJournal-PetJournalUITests.debug.xcconfig */ = {isa = PBXFileReference; includeInIndex = 1; lastKnownFileType = text.xcconfig; name = "Pods-PetJournal-PetJournalUITests.debug.xcconfig"; path = "Target Support Files/Pods-PetJournal-PetJournalUITests/Pods-PetJournal-PetJournalUITests.debug.xcconfig"; sourceTree = "<group>"; };
		E568321B812DFAB0EED26267 /* Pods_PetJournalTests.framework */ = {isa = PBXFileReference; explicitFileType = wrapper.framework; includeInIndex = 0; path = Pods_PetJournalTests.framework; sourceTree = BUILT_PRODUCTS_DIR; };
		EBFC28351CDE981A49F5AFF7 /* Pods-PetJournalTests.release.xcconfig */ = {isa = PBXFileReference; includeInIndex = 1; lastKnownFileType = text.xcconfig; name = "Pods-PetJournalTests.release.xcconfig"; path = "Target Support Files/Pods-PetJournalTests/Pods-PetJournalTests.release.xcconfig"; sourceTree = "<group>"; };
		FF80CF9DA6CBD31E568AA7D4 /* Pods_PetJournal_PetJournalUITests.framework */ = {isa = PBXFileReference; explicitFileType = wrapper.framework; includeInIndex = 0; path = Pods_PetJournal_PetJournalUITests.framework; sourceTree = BUILT_PRODUCTS_DIR; };
/* End PBXFileReference section */

/* Begin PBXFrameworksBuildPhase section */
		936394F2237CD00800C59912 /* Frameworks */ = {
			isa = PBXFrameworksBuildPhase;
			buildActionMask = 2147483647;
			files = (
				2D413B8E5882F84CE641A50B /* Pods_PetJournal.framework in Frameworks */,
			);
			runOnlyForDeploymentPostprocessing = 0;
		};
		9363950D237CD00900C59912 /* Frameworks */ = {
			isa = PBXFrameworksBuildPhase;
			buildActionMask = 2147483647;
			files = (
				5738C80F51973AB9F91834B8 /* Pods_PetJournalTests.framework in Frameworks */,
			);
			runOnlyForDeploymentPostprocessing = 0;
		};
		93639518237CD00900C59912 /* Frameworks */ = {
			isa = PBXFrameworksBuildPhase;
			buildActionMask = 2147483647;
			files = (
				707E356E31D707CC1863C310 /* Pods_PetJournal_PetJournalUITests.framework in Frameworks */,
			);
			runOnlyForDeploymentPostprocessing = 0;
		};
/* End PBXFrameworksBuildPhase section */

/* Begin PBXGroup section */
		462EDE6C3222F24874D0B1EC /* Pods */ = {
			isa = PBXGroup;
			children = (
				7B303EF41A0B610B080ED7AC /* Pods-PetJournal.debug.xcconfig */,
				B7A80571AF420421ABC4DD15 /* Pods-PetJournal.release.xcconfig */,
				D8A0347A98B59DFB2AB11530 /* Pods-PetJournal-PetJournalUITests.debug.xcconfig */,
				BE58A92AD81C06E019B9959E /* Pods-PetJournal-PetJournalUITests.release.xcconfig */,
				C28DA62E2163A7D05D21D2D9 /* Pods-PetJournalTests.debug.xcconfig */,
				EBFC28351CDE981A49F5AFF7 /* Pods-PetJournalTests.release.xcconfig */,
			);
			path = Pods;
			sourceTree = "<group>";
		};
		931AD7F8237DD0FD009CC068 /* ViewControllers */ = {
			isa = PBXGroup;
			children = (
				93639534237CF33F00C59912 /* TabOverView.swift */,
				93639530237CED9300C59912 /* CreatePetViewController.swift */,
				9363952D237CD59E00C59912 /* PetViewController.swift */,
				93E14542237E3816005FA3D6 /* PetPopUpViewController.swift */,
				934A625F238459AF002791BF /* VeterinaryOverviewViewController.swift */,
				934A6267238468ED002791BF /* CreateVeterinaryVisitViewController.swift */,
				935451522387E66000B6DD16 /* JournalViewController.swift */,
				93579D2E238A1365008E6799 /* EntryDetailViewController.swift */,
			);
			path = ViewControllers;
			sourceTree = "<group>";
		};
		931AD7F9237DD22E009CC068 /* HelpClasses */ = {
			isa = PBXGroup;
			children = (
				9359245F237DBDD10070FA42 /* RoundedButton.swift */,
				931AD7FC237DD5B2009CC068 /* Pets.swift */,
				931AD7FA237DD59F009CC068 /* Pet.swift */,
				931AD7FE237DE391009CC068 /* PetList.swift */,
				934A626323845BF1002791BF /* VeterinaryVisits.swift */,
				934A626523845C08002791BF /* VeterinaryVisitsList.swift */,
			);
			path = HelpClasses;
			sourceTree = "<group>";
		};
		9359245E237DB4960070FA42 /* ViewCells */ = {
			isa = PBXGroup;
			children = (
				9359245C237DB48A0070FA42 /* PetTableViewCell.swift */,
				934A626123845A63002791BF /* VeterinaryTableViewCell.swift */,
				935451542387E99300B6DD16 /* JournalTableViewCell.swift */,
				93579D2C2389FFDC008E6799 /* EntryDetailTableViewCell.swift */,
			);
			path = ViewCells;
			sourceTree = "<group>";
		};
		936394EC237CD00800C59912 = {
			isa = PBXGroup;
			children = (
				9363952F237CDE9000C59912 /* README.md */,
				936394F7237CD00800C59912 /* PetJournal */,
				93639513237CD00900C59912 /* PetJournalTests */,
				9363951E237CD00900C59912 /* PetJournalUITests */,
				936394F6237CD00800C59912 /* Products */,
				462EDE6C3222F24874D0B1EC /* Pods */,
				CEA798FAA9C1C90C38431CEB /* Frameworks */,
			);
			sourceTree = "<group>";
		};
		936394F6237CD00800C59912 /* Products */ = {
			isa = PBXGroup;
			children = (
				936394F5237CD00800C59912 /* PetJournal.app */,
				93639510237CD00900C59912 /* PetJournalTests.xctest */,
				9363951B237CD00900C59912 /* PetJournalUITests.xctest */,
			);
			name = Products;
			sourceTree = "<group>";
		};
		936394F7237CD00800C59912 /* PetJournal */ = {
			isa = PBXGroup;
			children = (
				931AD7F9237DD22E009CC068 /* HelpClasses */,
				931AD7F8237DD0FD009CC068 /* ViewControllers */,
				9359245E237DB4960070FA42 /* ViewCells */,
				936394F8237CD00800C59912 /* AppDelegate.swift */,
				936394FD237CD00800C59912 /* SceneDelegate.swift */,
				936394FF237CD00800C59912 /* MasterViewController.swift */,
				93639501237CD00800C59912 /* DetailViewController.swift */,
				93639503237CD00800C59912 /* Main.storyboard */,
				93639506237CD00900C59912 /* Assets.xcassets */,
				93639508237CD00900C59912 /* LaunchScreen.storyboard */,
				9363950B237CD00900C59912 /* Info.plist */,
				936394FA237CD00800C59912 /* PetJournal.xcdatamodeld */,
			);
			path = PetJournal;
			sourceTree = "<group>";
		};
		93639513237CD00900C59912 /* PetJournalTests */ = {
			isa = PBXGroup;
			children = (
				93639514237CD00900C59912 /* PetJournalTests.swift */,
				93639516237CD00900C59912 /* Info.plist */,
			);
			path = PetJournalTests;
			sourceTree = "<group>";
		};
		9363951E237CD00900C59912 /* PetJournalUITests */ = {
			isa = PBXGroup;
			children = (
				9363951F237CD00900C59912 /* PetJournalUITests.swift */,
				93639521237CD00900C59912 /* Info.plist */,
			);
			path = PetJournalUITests;
			sourceTree = "<group>";
		};
		CEA798FAA9C1C90C38431CEB /* Frameworks */ = {
			isa = PBXGroup;
			children = (
				B02DBF2A7F012100CFEAB910 /* Pods_PetJournal.framework */,
				FF80CF9DA6CBD31E568AA7D4 /* Pods_PetJournal_PetJournalUITests.framework */,
				E568321B812DFAB0EED26267 /* Pods_PetJournalTests.framework */,
			);
			name = Frameworks;
			sourceTree = "<group>";
		};
/* End PBXGroup section */

/* Begin PBXNativeTarget section */
		936394F4237CD00800C59912 /* PetJournal */ = {
			isa = PBXNativeTarget;
			buildConfigurationList = 93639524237CD00900C59912 /* Build configuration list for PBXNativeTarget "PetJournal" */;
			buildPhases = (
				BF747C1B7C96396F91B94AF1 /* [CP] Check Pods Manifest.lock */,
				936394F1237CD00800C59912 /* Sources */,
				936394F2237CD00800C59912 /* Frameworks */,
				936394F3237CD00800C59912 /* Resources */,
				F9C41230EB3C0B64E1D7D985 /* [CP] Embed Pods Frameworks */,
			);
			buildRules = (
			);
			dependencies = (
			);
			name = PetJournal;
			productName = PetJournal;
			productReference = 936394F5237CD00800C59912 /* PetJournal.app */;
			productType = "com.apple.product-type.application";
		};
		9363950F237CD00900C59912 /* PetJournalTests */ = {
			isa = PBXNativeTarget;
			buildConfigurationList = 93639527237CD00900C59912 /* Build configuration list for PBXNativeTarget "PetJournalTests" */;
			buildPhases = (
				C0DD27557A8859188301A85C /* [CP] Check Pods Manifest.lock */,
				9363950C237CD00900C59912 /* Sources */,
				9363950D237CD00900C59912 /* Frameworks */,
				9363950E237CD00900C59912 /* Resources */,
			);
			buildRules = (
			);
			dependencies = (
				93639512237CD00900C59912 /* PBXTargetDependency */,
			);
			name = PetJournalTests;
			productName = PetJournalTests;
			productReference = 93639510237CD00900C59912 /* PetJournalTests.xctest */;
			productType = "com.apple.product-type.bundle.unit-test";
		};
		9363951A237CD00900C59912 /* PetJournalUITests */ = {
			isa = PBXNativeTarget;
			buildConfigurationList = 9363952A237CD00900C59912 /* Build configuration list for PBXNativeTarget "PetJournalUITests" */;
			buildPhases = (
				6A02DA3461BF8FBAB08708EF /* [CP] Check Pods Manifest.lock */,
				93639517237CD00900C59912 /* Sources */,
				93639518237CD00900C59912 /* Frameworks */,
				93639519237CD00900C59912 /* Resources */,
				AAEDA6690105754CF5507362 /* [CP] Embed Pods Frameworks */,
			);
			buildRules = (
			);
			dependencies = (
				9363951D237CD00900C59912 /* PBXTargetDependency */,
			);
			name = PetJournalUITests;
			productName = PetJournalUITests;
			productReference = 9363951B237CD00900C59912 /* PetJournalUITests.xctest */;
			productType = "com.apple.product-type.bundle.ui-testing";
		};
/* End PBXNativeTarget section */

/* Begin PBXProject section */
		936394ED237CD00800C59912 /* Project object */ = {
			isa = PBXProject;
			attributes = {
				LastSwiftUpdateCheck = 1110;
				LastUpgradeCheck = 1110;
				ORGANIZATIONNAME = "Hanna Astlind";
				TargetAttributes = {
					936394F4237CD00800C59912 = {
						CreatedOnToolsVersion = 11.1;
					};
					9363950F237CD00900C59912 = {
						CreatedOnToolsVersion = 11.1;
						TestTargetID = 936394F4237CD00800C59912;
					};
					9363951A237CD00900C59912 = {
						CreatedOnToolsVersion = 11.1;
						TestTargetID = 936394F4237CD00800C59912;
					};
				};
			};
			buildConfigurationList = 936394F0237CD00800C59912 /* Build configuration list for PBXProject "PetJournal" */;
			compatibilityVersion = "Xcode 9.3";
			developmentRegion = en;
			hasScannedForEncodings = 0;
			knownRegions = (
				en,
				Base,
			);
			mainGroup = 936394EC237CD00800C59912;
			productRefGroup = 936394F6237CD00800C59912 /* Products */;
			projectDirPath = "";
			projectRoot = "";
			targets = (
				936394F4237CD00800C59912 /* PetJournal */,
				9363950F237CD00900C59912 /* PetJournalTests */,
				9363951A237CD00900C59912 /* PetJournalUITests */,
			);
		};
/* End PBXProject section */

/* Begin PBXResourcesBuildPhase section */
		936394F3237CD00800C59912 /* Resources */ = {
			isa = PBXResourcesBuildPhase;
			buildActionMask = 2147483647;
			files = (
				9363950A237CD00900C59912 /* LaunchScreen.storyboard in Resources */,
				93639507237CD00900C59912 /* Assets.xcassets in Resources */,
				93639505237CD00800C59912 /* Main.storyboard in Resources */,
			);
			runOnlyForDeploymentPostprocessing = 0;
		};
		9363950E237CD00900C59912 /* Resources */ = {
			isa = PBXResourcesBuildPhase;
			buildActionMask = 2147483647;
			files = (
			);
			runOnlyForDeploymentPostprocessing = 0;
		};
		93639519237CD00900C59912 /* Resources */ = {
			isa = PBXResourcesBuildPhase;
			buildActionMask = 2147483647;
			files = (
			);
			runOnlyForDeploymentPostprocessing = 0;
		};
/* End PBXResourcesBuildPhase section */

/* Begin PBXShellScriptBuildPhase section */
		6A02DA3461BF8FBAB08708EF /* [CP] Check Pods Manifest.lock */ = {
			isa = PBXShellScriptBuildPhase;
			buildActionMask = 2147483647;
			files = (
			);
			inputFileListPaths = (
			);
			inputPaths = (
				"${PODS_PODFILE_DIR_PATH}/Podfile.lock",
				"${PODS_ROOT}/Manifest.lock",
			);
			name = "[CP] Check Pods Manifest.lock";
			outputFileListPaths = (
			);
			outputPaths = (
				"$(DERIVED_FILE_DIR)/Pods-PetJournal-PetJournalUITests-checkManifestLockResult.txt",
			);
			runOnlyForDeploymentPostprocessing = 0;
			shellPath = /bin/sh;
			shellScript = "diff \"${PODS_PODFILE_DIR_PATH}/Podfile.lock\" \"${PODS_ROOT}/Manifest.lock\" > /dev/null\nif [ $? != 0 ] ; then\n    # print error to STDERR\n    echo \"error: The sandbox is not in sync with the Podfile.lock. Run 'pod install' or update your CocoaPods installation.\" >&2\n    exit 1\nfi\n# This output is used by Xcode 'outputs' to avoid re-running this script phase.\necho \"SUCCESS\" > \"${SCRIPT_OUTPUT_FILE_0}\"\n";
			showEnvVarsInLog = 0;
		};
		AAEDA6690105754CF5507362 /* [CP] Embed Pods Frameworks */ = {
			isa = PBXShellScriptBuildPhase;
			buildActionMask = 2147483647;
			files = (
			);
			inputFileListPaths = (
				"${PODS_ROOT}/Target Support Files/Pods-PetJournal-PetJournalUITests/Pods-PetJournal-PetJournalUITests-frameworks-${CONFIGURATION}-input-files.xcfilelist",
			);
			name = "[CP] Embed Pods Frameworks";
			outputFileListPaths = (
				"${PODS_ROOT}/Target Support Files/Pods-PetJournal-PetJournalUITests/Pods-PetJournal-PetJournalUITests-frameworks-${CONFIGURATION}-output-files.xcfilelist",
			);
			runOnlyForDeploymentPostprocessing = 0;
			shellPath = /bin/sh;
			shellScript = "\"${PODS_ROOT}/Target Support Files/Pods-PetJournal-PetJournalUITests/Pods-PetJournal-PetJournalUITests-frameworks.sh\"\n";
			showEnvVarsInLog = 0;
		};
		BF747C1B7C96396F91B94AF1 /* [CP] Check Pods Manifest.lock */ = {
			isa = PBXShellScriptBuildPhase;
			buildActionMask = 2147483647;
			files = (
			);
			inputFileListPaths = (
			);
			inputPaths = (
				"${PODS_PODFILE_DIR_PATH}/Podfile.lock",
				"${PODS_ROOT}/Manifest.lock",
			);
			name = "[CP] Check Pods Manifest.lock";
			outputFileListPaths = (
			);
			outputPaths = (
				"$(DERIVED_FILE_DIR)/Pods-PetJournal-checkManifestLockResult.txt",
			);
			runOnlyForDeploymentPostprocessing = 0;
			shellPath = /bin/sh;
			shellScript = "diff \"${PODS_PODFILE_DIR_PATH}/Podfile.lock\" \"${PODS_ROOT}/Manifest.lock\" > /dev/null\nif [ $? != 0 ] ; then\n    # print error to STDERR\n    echo \"error: The sandbox is not in sync with the Podfile.lock. Run 'pod install' or update your CocoaPods installation.\" >&2\n    exit 1\nfi\n# This output is used by Xcode 'outputs' to avoid re-running this script phase.\necho \"SUCCESS\" > \"${SCRIPT_OUTPUT_FILE_0}\"\n";
			showEnvVarsInLog = 0;
		};
		C0DD27557A8859188301A85C /* [CP] Check Pods Manifest.lock */ = {
			isa = PBXShellScriptBuildPhase;
			buildActionMask = 2147483647;
			files = (
			);
			inputFileListPaths = (
			);
			inputPaths = (
				"${PODS_PODFILE_DIR_PATH}/Podfile.lock",
				"${PODS_ROOT}/Manifest.lock",
			);
			name = "[CP] Check Pods Manifest.lock";
			outputFileListPaths = (
			);
			outputPaths = (
				"$(DERIVED_FILE_DIR)/Pods-PetJournalTests-checkManifestLockResult.txt",
			);
			runOnlyForDeploymentPostprocessing = 0;
			shellPath = /bin/sh;
			shellScript = "diff \"${PODS_PODFILE_DIR_PATH}/Podfile.lock\" \"${PODS_ROOT}/Manifest.lock\" > /dev/null\nif [ $? != 0 ] ; then\n    # print error to STDERR\n    echo \"error: The sandbox is not in sync with the Podfile.lock. Run 'pod install' or update your CocoaPods installation.\" >&2\n    exit 1\nfi\n# This output is used by Xcode 'outputs' to avoid re-running this script phase.\necho \"SUCCESS\" > \"${SCRIPT_OUTPUT_FILE_0}\"\n";
			showEnvVarsInLog = 0;
		};
		F9C41230EB3C0B64E1D7D985 /* [CP] Embed Pods Frameworks */ = {
			isa = PBXShellScriptBuildPhase;
			buildActionMask = 2147483647;
			files = (
			);
			inputFileListPaths = (
				"${PODS_ROOT}/Target Support Files/Pods-PetJournal/Pods-PetJournal-frameworks-${CONFIGURATION}-input-files.xcfilelist",
			);
			name = "[CP] Embed Pods Frameworks";
			outputFileListPaths = (
				"${PODS_ROOT}/Target Support Files/Pods-PetJournal/Pods-PetJournal-frameworks-${CONFIGURATION}-output-files.xcfilelist",
			);
			runOnlyForDeploymentPostprocessing = 0;
			shellPath = /bin/sh;
			shellScript = "\"${PODS_ROOT}/Target Support Files/Pods-PetJournal/Pods-PetJournal-frameworks.sh\"\n";
			showEnvVarsInLog = 0;
		};
/* End PBXShellScriptBuildPhase section */

/* Begin PBXSourcesBuildPhase section */
		936394F1237CD00800C59912 /* Sources */ = {
			isa = PBXSourcesBuildPhase;
			buildActionMask = 2147483647;
			files = (
				934A6260238459AF002791BF /* VeterinaryOverviewViewController.swift in Sources */,
				93639500237CD00800C59912 /* MasterViewController.swift in Sources */,
				93592460237DBDD10070FA42 /* RoundedButton.swift in Sources */,
				931AD7FF237DE391009CC068 /* PetList.swift in Sources */,
				935451532387E66000B6DD16 /* JournalViewController.swift in Sources */,
				931AD7FD237DD5B2009CC068 /* Pets.swift in Sources */,
				936394F9237CD00800C59912 /* AppDelegate.swift in Sources */,
				93639535237CF33F00C59912 /* TabOverView.swift in Sources */,
				934A626423845BF1002791BF /* VeterinaryVisits.swift in Sources */,
				93639502237CD00800C59912 /* DetailViewController.swift in Sources */,
				934A626623845C08002791BF /* VeterinaryVisitsList.swift in Sources */,
				9359245D237DB48A0070FA42 /* PetTableViewCell.swift in Sources */,
				934A6268238468ED002791BF /* CreateVeterinaryVisitViewController.swift in Sources */,
				936394FC237CD00800C59912 /* PetJournal.xcdatamodeld in Sources */,
				9363952E237CD59E00C59912 /* PetViewController.swift in Sources */,
				934A626223845A63002791BF /* VeterinaryTableViewCell.swift in Sources */,
				935451552387E99300B6DD16 /* JournalTableViewCell.swift in Sources */,
				931AD7FB237DD59F009CC068 /* Pet.swift in Sources */,
				936394FE237CD00800C59912 /* SceneDelegate.swift in Sources */,
				93579D2F238A1365008E6799 /* EntryDetailViewController.swift in Sources */,
				93579D2D2389FFDC008E6799 /* EntryDetailTableViewCell.swift in Sources */,
				93E14543237E3816005FA3D6 /* PetPopUpViewController.swift in Sources */,
				93639531237CED9300C59912 /* CreatePetViewController.swift in Sources */,
			);
			runOnlyForDeploymentPostprocessing = 0;
		};
		9363950C237CD00900C59912 /* Sources */ = {
			isa = PBXSourcesBuildPhase;
			buildActionMask = 2147483647;
			files = (
				93639515237CD00900C59912 /* PetJournalTests.swift in Sources */,
			);
			runOnlyForDeploymentPostprocessing = 0;
		};
		93639517237CD00900C59912 /* Sources */ = {
			isa = PBXSourcesBuildPhase;
			buildActionMask = 2147483647;
			files = (
				93639520237CD00900C59912 /* PetJournalUITests.swift in Sources */,
			);
			runOnlyForDeploymentPostprocessing = 0;
		};
/* End PBXSourcesBuildPhase section */

/* Begin PBXTargetDependency section */
		93639512237CD00900C59912 /* PBXTargetDependency */ = {
			isa = PBXTargetDependency;
			target = 936394F4237CD00800C59912 /* PetJournal */;
			targetProxy = 93639511237CD00900C59912 /* PBXContainerItemProxy */;
		};
		9363951D237CD00900C59912 /* PBXTargetDependency */ = {
			isa = PBXTargetDependency;
			target = 936394F4237CD00800C59912 /* PetJournal */;
			targetProxy = 9363951C237CD00900C59912 /* PBXContainerItemProxy */;
		};
/* End PBXTargetDependency section */

/* Begin PBXVariantGroup section */
		93639503237CD00800C59912 /* Main.storyboard */ = {
			isa = PBXVariantGroup;
			children = (
				93639504237CD00800C59912 /* Base */,
			);
			name = Main.storyboard;
			sourceTree = "<group>";
		};
		93639508237CD00900C59912 /* LaunchScreen.storyboard */ = {
			isa = PBXVariantGroup;
			children = (
				93639509237CD00900C59912 /* Base */,
			);
			name = LaunchScreen.storyboard;
			sourceTree = "<group>";
		};
/* End PBXVariantGroup section */

/* Begin XCBuildConfiguration section */
		93639522237CD00900C59912 /* Debug */ = {
			isa = XCBuildConfiguration;
			buildSettings = {
				ALWAYS_SEARCH_USER_PATHS = NO;
				CLANG_ANALYZER_NONNULL = YES;
				CLANG_ANALYZER_NUMBER_OBJECT_CONVERSION = YES_AGGRESSIVE;
				CLANG_CXX_LANGUAGE_STANDARD = "gnu++14";
				CLANG_CXX_LIBRARY = "libc++";
				CLANG_ENABLE_MODULES = YES;
				CLANG_ENABLE_OBJC_ARC = YES;
				CLANG_ENABLE_OBJC_WEAK = YES;
				CLANG_WARN_BLOCK_CAPTURE_AUTORELEASING = YES;
				CLANG_WARN_BOOL_CONVERSION = YES;
				CLANG_WARN_COMMA = YES;
				CLANG_WARN_CONSTANT_CONVERSION = YES;
				CLANG_WARN_DEPRECATED_OBJC_IMPLEMENTATIONS = YES;
				CLANG_WARN_DIRECT_OBJC_ISA_USAGE = YES_ERROR;
				CLANG_WARN_DOCUMENTATION_COMMENTS = YES;
				CLANG_WARN_EMPTY_BODY = YES;
				CLANG_WARN_ENUM_CONVERSION = YES;
				CLANG_WARN_INFINITE_RECURSION = YES;
				CLANG_WARN_INT_CONVERSION = YES;
				CLANG_WARN_NON_LITERAL_NULL_CONVERSION = YES;
				CLANG_WARN_OBJC_IMPLICIT_RETAIN_SELF = YES;
				CLANG_WARN_OBJC_LITERAL_CONVERSION = YES;
				CLANG_WARN_OBJC_ROOT_CLASS = YES_ERROR;
				CLANG_WARN_RANGE_LOOP_ANALYSIS = YES;
				CLANG_WARN_STRICT_PROTOTYPES = YES;
				CLANG_WARN_SUSPICIOUS_MOVE = YES;
				CLANG_WARN_UNGUARDED_AVAILABILITY = YES_AGGRESSIVE;
				CLANG_WARN_UNREACHABLE_CODE = YES;
				CLANG_WARN__DUPLICATE_METHOD_MATCH = YES;
				COPY_PHASE_STRIP = NO;
				DEBUG_INFORMATION_FORMAT = dwarf;
				ENABLE_STRICT_OBJC_MSGSEND = YES;
				ENABLE_TESTABILITY = YES;
				GCC_C_LANGUAGE_STANDARD = gnu11;
				GCC_DYNAMIC_NO_PIC = NO;
				GCC_NO_COMMON_BLOCKS = YES;
				GCC_OPTIMIZATION_LEVEL = 0;
				GCC_PREPROCESSOR_DEFINITIONS = (
					"DEBUG=1",
					"$(inherited)",
				);
				GCC_WARN_64_TO_32_BIT_CONVERSION = YES;
				GCC_WARN_ABOUT_RETURN_TYPE = YES_ERROR;
				GCC_WARN_UNDECLARED_SELECTOR = YES;
				GCC_WARN_UNINITIALIZED_AUTOS = YES_AGGRESSIVE;
				GCC_WARN_UNUSED_FUNCTION = YES;
				GCC_WARN_UNUSED_VARIABLE = YES;
				IPHONEOS_DEPLOYMENT_TARGET = 13.1;
				MTL_ENABLE_DEBUG_INFO = INCLUDE_SOURCE;
				MTL_FAST_MATH = YES;
				ONLY_ACTIVE_ARCH = YES;
				SDKROOT = iphoneos;
				SWIFT_ACTIVE_COMPILATION_CONDITIONS = DEBUG;
				SWIFT_OPTIMIZATION_LEVEL = "-Onone";
			};
			name = Debug;
		};
		93639523237CD00900C59912 /* Release */ = {
			isa = XCBuildConfiguration;
			buildSettings = {
				ALWAYS_SEARCH_USER_PATHS = NO;
				CLANG_ANALYZER_NONNULL = YES;
				CLANG_ANALYZER_NUMBER_OBJECT_CONVERSION = YES_AGGRESSIVE;
				CLANG_CXX_LANGUAGE_STANDARD = "gnu++14";
				CLANG_CXX_LIBRARY = "libc++";
				CLANG_ENABLE_MODULES = YES;
				CLANG_ENABLE_OBJC_ARC = YES;
				CLANG_ENABLE_OBJC_WEAK = YES;
				CLANG_WARN_BLOCK_CAPTURE_AUTORELEASING = YES;
				CLANG_WARN_BOOL_CONVERSION = YES;
				CLANG_WARN_COMMA = YES;
				CLANG_WARN_CONSTANT_CONVERSION = YES;
				CLANG_WARN_DEPRECATED_OBJC_IMPLEMENTATIONS = YES;
				CLANG_WARN_DIRECT_OBJC_ISA_USAGE = YES_ERROR;
				CLANG_WARN_DOCUMENTATION_COMMENTS = YES;
				CLANG_WARN_EMPTY_BODY = YES;
				CLANG_WARN_ENUM_CONVERSION = YES;
				CLANG_WARN_INFINITE_RECURSION = YES;
				CLANG_WARN_INT_CONVERSION = YES;
				CLANG_WARN_NON_LITERAL_NULL_CONVERSION = YES;
				CLANG_WARN_OBJC_IMPLICIT_RETAIN_SELF = YES;
				CLANG_WARN_OBJC_LITERAL_CONVERSION = YES;
				CLANG_WARN_OBJC_ROOT_CLASS = YES_ERROR;
				CLANG_WARN_RANGE_LOOP_ANALYSIS = YES;
				CLANG_WARN_STRICT_PROTOTYPES = YES;
				CLANG_WARN_SUSPICIOUS_MOVE = YES;
				CLANG_WARN_UNGUARDED_AVAILABILITY = YES_AGGRESSIVE;
				CLANG_WARN_UNREACHABLE_CODE = YES;
				CLANG_WARN__DUPLICATE_METHOD_MATCH = YES;
				COPY_PHASE_STRIP = NO;
				DEBUG_INFORMATION_FORMAT = "dwarf-with-dsym";
				ENABLE_NS_ASSERTIONS = NO;
				ENABLE_STRICT_OBJC_MSGSEND = YES;
				GCC_C_LANGUAGE_STANDARD = gnu11;
				GCC_NO_COMMON_BLOCKS = YES;
				GCC_WARN_64_TO_32_BIT_CONVERSION = YES;
				GCC_WARN_ABOUT_RETURN_TYPE = YES_ERROR;
				GCC_WARN_UNDECLARED_SELECTOR = YES;
				GCC_WARN_UNINITIALIZED_AUTOS = YES_AGGRESSIVE;
				GCC_WARN_UNUSED_FUNCTION = YES;
				GCC_WARN_UNUSED_VARIABLE = YES;
				IPHONEOS_DEPLOYMENT_TARGET = 13.1;
				MTL_ENABLE_DEBUG_INFO = NO;
				MTL_FAST_MATH = YES;
				SDKROOT = iphoneos;
				SWIFT_COMPILATION_MODE = wholemodule;
				SWIFT_OPTIMIZATION_LEVEL = "-O";
				VALIDATE_PRODUCT = YES;
			};
			name = Release;
		};
		93639525237CD00900C59912 /* Debug */ = {
			isa = XCBuildConfiguration;
			baseConfigurationReference = 7B303EF41A0B610B080ED7AC /* Pods-PetJournal.debug.xcconfig */;
			buildSettings = {
				ASSETCATALOG_COMPILER_APPICON_NAME = AppIcon;
				CODE_SIGN_STYLE = Automatic;
				DEVELOPMENT_TEAM = 4WXDGSLA2U;
				INFOPLIST_FILE = PetJournal/Info.plist;
				LD_RUNPATH_SEARCH_PATHS = (
					"$(inherited)",
					"@executable_path/Frameworks",
				);
				PRODUCT_BUNDLE_IDENTIFIER = com.hannaastlind.PetJournal;
				PRODUCT_NAME = "$(TARGET_NAME)";
				SWIFT_VERSION = 5.0;
				TARGETED_DEVICE_FAMILY = "1,2";
			};
			name = Debug;
		};
		93639526237CD00900C59912 /* Release */ = {
			isa = XCBuildConfiguration;
			baseConfigurationReference = B7A80571AF420421ABC4DD15 /* Pods-PetJournal.release.xcconfig */;
			buildSettings = {
				ASSETCATALOG_COMPILER_APPICON_NAME = AppIcon;
				CODE_SIGN_STYLE = Automatic;
				DEVELOPMENT_TEAM = 4WXDGSLA2U;
				INFOPLIST_FILE = PetJournal/Info.plist;
				LD_RUNPATH_SEARCH_PATHS = (
					"$(inherited)",
					"@executable_path/Frameworks",
				);
				PRODUCT_BUNDLE_IDENTIFIER = com.hannaastlind.PetJournal;
				PRODUCT_NAME = "$(TARGET_NAME)";
				SWIFT_VERSION = 5.0;
				TARGETED_DEVICE_FAMILY = "1,2";
			};
			name = Release;
		};
		93639528237CD00900C59912 /* Debug */ = {
			isa = XCBuildConfiguration;
			baseConfigurationReference = C28DA62E2163A7D05D21D2D9 /* Pods-PetJournalTests.debug.xcconfig */;
			buildSettings = {
				ALWAYS_EMBED_SWIFT_STANDARD_LIBRARIES = YES;
				BUNDLE_LOADER = "$(TEST_HOST)";
				CODE_SIGN_STYLE = Automatic;
				DEVELOPMENT_TEAM = 4WXDGSLA2U;
				INFOPLIST_FILE = PetJournalTests/Info.plist;
				IPHONEOS_DEPLOYMENT_TARGET = 13.1;
				LD_RUNPATH_SEARCH_PATHS = (
					"$(inherited)",
					"@executable_path/Frameworks",
					"@loader_path/Frameworks",
				);
				PRODUCT_BUNDLE_IDENTIFIER = com.hannaastlind.PetJournalTests;
				PRODUCT_NAME = "$(TARGET_NAME)";
				SWIFT_VERSION = 5.0;
				TARGETED_DEVICE_FAMILY = "1,2";
				TEST_HOST = "$(BUILT_PRODUCTS_DIR)/PetJournal.app/PetJournal";
			};
			name = Debug;
		};
		93639529237CD00900C59912 /* Release */ = {
			isa = XCBuildConfiguration;
			baseConfigurationReference = EBFC28351CDE981A49F5AFF7 /* Pods-PetJournalTests.release.xcconfig */;
			buildSettings = {
				ALWAYS_EMBED_SWIFT_STANDARD_LIBRARIES = YES;
				BUNDLE_LOADER = "$(TEST_HOST)";
				CODE_SIGN_STYLE = Automatic;
				DEVELOPMENT_TEAM = 4WXDGSLA2U;
				INFOPLIST_FILE = PetJournalTests/Info.plist;
				IPHONEOS_DEPLOYMENT_TARGET = 13.1;
				LD_RUNPATH_SEARCH_PATHS = (
					"$(inherited)",
					"@executable_path/Frameworks",
					"@loader_path/Frameworks",
				);
				PRODUCT_BUNDLE_IDENTIFIER = com.hannaastlind.PetJournalTests;
				PRODUCT_NAME = "$(TARGET_NAME)";
				SWIFT_VERSION = 5.0;
				TARGETED_DEVICE_FAMILY = "1,2";
				TEST_HOST = "$(BUILT_PRODUCTS_DIR)/PetJournal.app/PetJournal";
			};
			name = Release;
		};
		9363952B237CD00900C59912 /* Debug */ = {
			isa = XCBuildConfiguration;
			baseConfigurationReference = D8A0347A98B59DFB2AB11530 /* Pods-PetJournal-PetJournalUITests.debug.xcconfig */;
			buildSettings = {
				ALWAYS_EMBED_SWIFT_STANDARD_LIBRARIES = YES;
				CODE_SIGN_STYLE = Automatic;
				DEVELOPMENT_TEAM = 4WXDGSLA2U;
				INFOPLIST_FILE = PetJournalUITests/Info.plist;
				LD_RUNPATH_SEARCH_PATHS = (
					"$(inherited)",
					"@executable_path/Frameworks",
					"@loader_path/Frameworks",
				);
				PRODUCT_BUNDLE_IDENTIFIER = com.hannaastlind.PetJournalUITests;
				PRODUCT_NAME = "$(TARGET_NAME)";
				SWIFT_VERSION = 5.0;
				TARGETED_DEVICE_FAMILY = "1,2";
				TEST_TARGET_NAME = PetJournal;
			};
			name = Debug;
		};
		9363952C237CD00900C59912 /* Release */ = {
			isa = XCBuildConfiguration;
			baseConfigurationReference = BE58A92AD81C06E019B9959E /* Pods-PetJournal-PetJournalUITests.release.xcconfig */;
			buildSettings = {
				ALWAYS_EMBED_SWIFT_STANDARD_LIBRARIES = YES;
				CODE_SIGN_STYLE = Automatic;
				DEVELOPMENT_TEAM = 4WXDGSLA2U;
				INFOPLIST_FILE = PetJournalUITests/Info.plist;
				LD_RUNPATH_SEARCH_PATHS = (
					"$(inherited)",
					"@executable_path/Frameworks",
					"@loader_path/Frameworks",
				);
				PRODUCT_BUNDLE_IDENTIFIER = com.hannaastlind.PetJournalUITests;
				PRODUCT_NAME = "$(TARGET_NAME)";
				SWIFT_VERSION = 5.0;
				TARGETED_DEVICE_FAMILY = "1,2";
				TEST_TARGET_NAME = PetJournal;
			};
			name = Release;
		};
/* End XCBuildConfiguration section */

/* Begin XCConfigurationList section */
		936394F0237CD00800C59912 /* Build configuration list for PBXProject "PetJournal" */ = {
			isa = XCConfigurationList;
			buildConfigurations = (
				93639522237CD00900C59912 /* Debug */,
				93639523237CD00900C59912 /* Release */,
			);
			defaultConfigurationIsVisible = 0;
			defaultConfigurationName = Release;
		};
		93639524237CD00900C59912 /* Build configuration list for PBXNativeTarget "PetJournal" */ = {
			isa = XCConfigurationList;
			buildConfigurations = (
				93639525237CD00900C59912 /* Debug */,
				93639526237CD00900C59912 /* Release */,
			);
			defaultConfigurationIsVisible = 0;
			defaultConfigurationName = Release;
		};
		93639527237CD00900C59912 /* Build configuration list for PBXNativeTarget "PetJournalTests" */ = {
			isa = XCConfigurationList;
			buildConfigurations = (
				93639528237CD00900C59912 /* Debug */,
				93639529237CD00900C59912 /* Release */,
			);
			defaultConfigurationIsVisible = 0;
			defaultConfigurationName = Release;
		};
		9363952A237CD00900C59912 /* Build configuration list for PBXNativeTarget "PetJournalUITests" */ = {
			isa = XCConfigurationList;
			buildConfigurations = (
				9363952B237CD00900C59912 /* Debug */,
				9363952C237CD00900C59912 /* Release */,
			);
			defaultConfigurationIsVisible = 0;
			defaultConfigurationName = Release;
		};
/* End XCConfigurationList section */

/* Begin XCVersionGroup section */
		936394FA237CD00800C59912 /* PetJournal.xcdatamodeld */ = {
			isa = XCVersionGroup;
			children = (
				936394FB237CD00800C59912 /* PetJournal.xcdatamodel */,
			);
			currentVersion = 936394FB237CD00800C59912 /* PetJournal.xcdatamodel */;
			path = PetJournal.xcdatamodeld;
			sourceTree = "<group>";
			versionGroupType = wrapper.xcdatamodel;
		};
/* End XCVersionGroup section */
	};
	rootObject = 936394ED237CD00800C59912 /* Project object */;
}
